
Microsoft Visual Studio Solution File, Format Version 12.00
# Visual Studio Version 17
VisualStudioVersion = 17.1.32228.430
MinimumVisualStudioVersion = 10.0.40219.1
Project("{FAE04EC0-301F-11D3-BF4B-00C04F79EFBC}") = "EjemplosEstructuraDatos", "EjemplosEstructuraDatos\EjemplosEstructuraDatos.csproj", "{E9C5A602-5CAE-4616-9E45-27291E9FE1DC}"
EndProject
Global
	GlobalSection(SolutionConfigurationPlatforms) = preSolution
		Debug|Any CPU = Debug|Any CPU
		Release|Any CPU = Release|Any CPU
	EndGlobalSection
	GlobalSection(ProjectConfigurationPlatforms) = postSolution
		{E9C5A602-5CAE-4616-9E45-27291E9FE1DC}.Debug|Any CPU.ActiveCfg = Debug|Any CPU
		{E9C5A602-5CAE-4616-9E45-27291E9FE1DC}.Debug|Any CPU.Build.0 = Debug|Any CPU
		{E9C5A602-5CAE-4616-9E45-27291E9FE1DC}.Release|Any CPU.ActiveCfg = Release|Any CPU
		{E9C5A602-5CAE-4616-9E45-27291E9FE1DC}.Release|Any CPU.Build.0 = Release|Any CPU
	EndGlobalSection
	GlobalSection(SolutionProperties) = preSolution
		HideSolutionNode = FALSE
	EndGlobalSection
	GlobalSection(ExtensibilityGlobals) = postSolution
		SolutionGuid = {54946078-CFF6-45AC-9B66-EB70C23E03E6}
	EndGlobalSection
EndGlobal
